{
  "nodes": {
    "nixpkgs": {
      "locked": {
        "lastModified": 1734017764,
        "narHash": "sha256-msOfmyJSjAHgIygI/JD0Ae3JsDv4rT54Nlfr5t6MQMQ=",
        "owner": "nixos",
        "repo": "nixpkgs",
        "rev": "64e9404f308e0f0a0d8cdd7c358f74e34802494b",
        "type": "github"
      },
      "original": {
        "owner": "nixos",
        "repo": "nixpkgs",
        "type": "github"
      }
    },
    "root": {
      "inputs": {
        "nixpkgs": "nixpkgs",
        "selfprivacy-api": "selfprivacy-api"
      }
    },
    "selfprivacy-api": {
      "inputs": {
        "nixpkgs": [
          "nixpkgs"
        ]
      },
      "locked": {
        "lastModified": 1735044408,
        "narHash": "sha256-Npa8HezbMa/2Ssjd7yDRnONcH+mEdbZeAj5IX689sZk=",
        "ref": "inex/dynamic-templating",
        "rev": "146b4cd1e7705c67cd1a77b8c38c0793a4ba121e",
        "revCount": 1506,
        "type": "git",
        "url": "https://git.selfprivacy.org/SelfPrivacy/selfprivacy-rest-api.git"
      },
      "original": {
        "type": "git",
        "url": "https://git.selfprivacy.org/SelfPrivacy/selfprivacy-rest-api.git"
      }
    }
  },
  "root": "root",
  "version": 7
}
