{
  "nodes": {
    "nixpkgs": {
      "locked": {
        "lastModified": 1734017764,
        "narHash": "sha256-msOfmyJSjAHgIygI/JD0Ae3JsDv4rT54Nlfr5t6MQMQ=",
        "owner": "nixos",
        "repo": "nixpkgs",
        "rev": "64e9404f308e0f0a0d8cdd7c358f74e34802494b",
        "type": "github"
      },
      "original": {
        "owner": "nixos",
        "repo": "nixpkgs",
        "type": "github"
      }
    },
    "root": {
      "inputs": {
        "nixpkgs": "nixpkgs",
        "selfprivacy-api": "selfprivacy-api"
      }
    },
    "selfprivacy-api": {
      "inputs": {
        "nixpkgs": [
          "nixpkgs"
        ]
      },
      "locked": {
        "lastModified": 1734807830,
        "narHash": "sha256-nzkcvZjMo5bE2ZML404+9Hzhq7UmMx8+V+LclrCYZRA=",
        "ref": "inex/dynamic-templating",
        "rev": "fcc167fb33b4154f0685ac94f3def3a9dbcd26e6",
        "revCount": 1487,
        "type": "git",
        "url": "https://git.selfprivacy.org/SelfPrivacy/selfprivacy-rest-api.git"
      },
      "original": {
        "type": "git",
        "url": "https://git.selfprivacy.org/SelfPrivacy/selfprivacy-rest-api.git"
      }
    }
  },
  "root": "root",
  "version": 7
}
