{
  "nodes": {
    "nixos-unstable": {
      "locked": {
        "lastModified": 1745930157,
        "narHash": "sha256-y3h3NLnzRSiUkYpnfvnS669zWZLoqqI6NprtLQ+5dck=",
        "owner": "nixos",
        "repo": "nixpkgs",
        "rev": "46e634be05ce9dc6d4db8e664515ba10b78151ae",
        "type": "github"
      },
      "original": {
        "owner": "nixos",
        "ref": "nixos-unstable",
        "repo": "nixpkgs",
        "type": "github"
      }
    },
    "nixpkgs": {
      "locked": {
        "lastModified": 1735563628,
        "narHash": "sha256-OnSAY7XDSx7CtDoqNh8jwVwh4xNL/2HaJxGjryLWzX8=",
        "owner": "nixos",
        "repo": "nixpkgs",
        "rev": "b134951a4c9f3c995fd7be05f3243f8ecd65d798",
        "type": "github"
      },
      "original": {
        "owner": "nixos",
        "repo": "nixpkgs",
        "type": "github"
      }
    },
    "root": {
      "inputs": {
        "nixos-unstable": "nixos-unstable",
        "nixpkgs": "nixpkgs",
        "selfprivacy-api": "selfprivacy-api"
      }
    },
    "selfprivacy-api": {
      "inputs": {
        "nixpkgs": [
          "nixpkgs"
        ]
      },
      "locked": {
        "lastModified": 1746109003,
        "narHash": "sha256-id/QT9I2qPYy6NZWlF8WkV4I46c1Scp50FYiqJCFBio=",
        "ref": "master",
        "rev": "7262aaa5421ee6165af26bfb0e84251ae428a6f7",
        "revCount": 1775,
        "type": "git",
        "url": "https://git.selfprivacy.org/SelfPrivacy/selfprivacy-rest-api.git"
      },
      "original": {
        "type": "git",
        "url": "https://git.selfprivacy.org/SelfPrivacy/selfprivacy-rest-api.git"
      }
    }
  },
  "root": "root",
  "version": 7
}
